// !$*UTF8*$!
{
	archiveVersion = 1;
	classes = {
	};
	objectVersion = 48;
	objects = {

/* Begin PBXBuildFile section */
		1FEFBE8E20044AFE00A643A4 /* AppDelegate.m in Sources */ = {isa = PBXBuildFile; fileRef = 1FEFBE8D20044AFE00A643A4 /* AppDelegate.m */; };
		1FEFBE9120044AFE00A643A4 /* ViewController.m in Sources */ = {isa = PBXBuildFile; fileRef = 1FEFBE9020044AFE00A643A4 /* ViewController.m */; };
		1FEFBE9420044AFE00A643A4 /* Main.storyboard in Resources */ = {isa = PBXBuildFile; fileRef = 1FEFBE9220044AFE00A643A4 /* Main.storyboard */; };
		1FEFBE9620044AFE00A643A4 /* Assets.xcassets in Resources */ = {isa = PBXBuildFile; fileRef = 1FEFBE9520044AFE00A643A4 /* Assets.xcassets */; };
		1FEFBE9920044AFE00A643A4 /* LaunchScreen.storyboard in Resources */ = {isa = PBXBuildFile; fileRef = 1FEFBE9720044AFE00A643A4 /* LaunchScreen.storyboard */; };
		1FEFBE9C20044AFE00A643A4 /* main.m in Sources */ = {isa = PBXBuildFile; fileRef = 1FEFBE9B20044AFE00A643A4 /* main.m */; };
		1FEFBEA620044AFE00A643A4 /* HCustomAlterViewTests.m in Sources */ = {isa = PBXBuildFile; fileRef = 1FEFBEA520044AFE00A643A4 /* HCustomAlterViewTests.m */; };
		1FEFBEB120044AFE00A643A4 /* HCustomAlterViewUITests.m in Sources */ = {isa = PBXBuildFile; fileRef = 1FEFBEB020044AFE00A643A4 /* HCustomAlterViewUITests.m */; };
		1FEFBEC92004646500A643A4 /* HCustomAlterView.m in Sources */ = {isa = PBXBuildFile; fileRef = 1FEFBEC62004646500A643A4 /* HCustomAlterView.m */; };
		1FEFBECA2004646500A643A4 /* UIView+FLExtension.m in Sources */ = {isa = PBXBuildFile; fileRef = 1FEFBEC82004646500A643A4 /* UIView+FLExtension.m */; };
/* End PBXBuildFile section */

/* Begin PBXContainerItemProxy section */
		1FEFBEA220044AFE00A643A4 /* PBXContainerItemProxy */ = {
			isa = PBXContainerItemProxy;
			containerPortal = 1FEFBE8120044AFD00A643A4 /* Project object */;
			proxyType = 1;
			remoteGlobalIDString = 1FEFBE8820044AFD00A643A4;
			remoteInfo = HCustomAlterView;
		};
		1FEFBEAD20044AFE00A643A4 /* PBXContainerItemProxy */ = {
			isa = PBXContainerItemProxy;
			containerPortal = 1FEFBE8120044AFD00A643A4 /* Project object */;
			proxyType = 1;
			remoteGlobalIDString = 1FEFBE8820044AFD00A643A4;
			remoteInfo = HCustomAlterView;
		};
/* End PBXContainerItemProxy section */

/* Begin PBXFileReference section */
		1FEFBE8920044AFD00A643A4 /* HCustomAlterView.app */ = {isa = PBXFileReference; explicitFileType = wrapper.application; includeInIndex = 0; path = HCustomAlterView.app; sourceTree = BUILT_PRODUCTS_DIR; };
		1FEFBE8C20044AFD00A643A4 /* AppDelegate.h */ = {isa = PBXFileReference; lastKnownFileType = sourcecode.c.h; path = AppDelegate.h; sourceTree = "<group>"; };
		1FEFBE8D20044AFE00A643A4 /* AppDelegate.m */ = {isa = PBXFileReference; lastKnownFileType = sourcecode.c.objc; path = AppDelegate.m; sourceTree = "<group>"; };
		1FEFBE8F20044AFE00A643A4 /* ViewController.h */ = {isa = PBXFileReference; lastKnownFileType = sourcecode.c.h; path = ViewController.h; sourceTree = "<group>"; };
		1FEFBE9020044AFE00A643A4 /* ViewController.m */ = {isa = PBXFileReference; lastKnownFileType = sourcecode.c.objc; path = ViewController.m; sourceTree = "<group>"; };
		1FEFBE9320044AFE00A643A4 /* Base */ = {isa = PBXFileReference; lastKnownFileType = file.storyboard; name = Base; path = Base.lproj/Main.storyboard; sourceTree = "<group>"; };
		1FEFBE9520044AFE00A643A4 /* Assets.xcassets */ = {isa = PBXFileReference; lastKnownFileType = folder.assetcatalog; path = Assets.xcassets; sourceTree = "<group>"; };
		1FEFBE9820044AFE00A643A4 /* Base */ = {isa = PBXFileReference; lastKnownFileType = file.storyboard; name = Base; path = Base.lproj/LaunchScreen.storyboard; sourceTree = "<group>"; };
		1FEFBE9A20044AFE00A643A4 /* Info.plist */ = {isa = PBXFileReference; lastKnownFileType = text.plist.xml; path = Info.plist; sourceTree = "<group>"; };
		1FEFBE9B20044AFE00A643A4 /* main.m */ = {isa = PBXFileReference; lastKnownFileType = sourcecode.c.objc; path = main.m; sourceTree = "<group>"; };
		1FEFBEA120044AFE00A643A4 /* HCustomAlterViewTests.xctest */ = {isa = PBXFileReference; explicitFileType = wrapper.cfbundle; includeInIndex = 0; path = HCustomAlterViewTests.xctest; sourceTree = BUILT_PRODUCTS_DIR; };
		1FEFBEA520044AFE00A643A4 /* HCustomAlterViewTests.m */ = {isa = PBXFileReference; lastKnownFileType = sourcecode.c.objc; path = HCustomAlterViewTests.m; sourceTree = "<group>"; };
		1FEFBEA720044AFE00A643A4 /* Info.plist */ = {isa = PBXFileReference; lastKnownFileType = text.plist.xml; path = Info.plist; sourceTree = "<group>"; };
		1FEFBEAC20044AFE00A643A4 /* HCustomAlterViewUITests.xctest */ = {isa = PBXFileReference; explicitFileType = wrapper.cfbundle; includeInIndex = 0; path = HCustomAlterViewUITests.xctest; sourceTree = BUILT_PRODUCTS_DIR; };
		1FEFBEB020044AFE00A643A4 /* HCustomAlterViewUITests.m */ = {isa = PBXFileReference; lastKnownFileType = sourcecode.c.objc; path = HCustomAlterViewUITests.m; sourceTree = "<group>"; };
		1FEFBEB220044AFE00A643A4 /* Info.plist */ = {isa = PBXFileReference; lastKnownFileType = text.plist.xml; path = Info.plist; sourceTree = "<group>"; };
		1FEFBEC52004646500A643A4 /* HCustomAlterView.h */ = {isa = PBXFileReference; fileEncoding = 4; lastKnownFileType = sourcecode.c.h; path = HCustomAlterView.h; sourceTree = "<group>"; };
		1FEFBEC62004646500A643A4 /* HCustomAlterView.m */ = {isa = PBXFileReference; fileEncoding = 4; lastKnownFileType = sourcecode.c.objc; path = HCustomAlterView.m; sourceTree = "<group>"; };
		1FEFBEC72004646500A643A4 /* UIView+FLExtension.h */ = {isa = PBXFileReference; fileEncoding = 4; lastKnownFileType = sourcecode.c.h; path = "UIView+FLExtension.h"; sourceTree = "<group>"; };
		1FEFBEC82004646500A643A4 /* UIView+FLExtension.m */ = {isa = PBXFileReference; fileEncoding = 4; lastKnownFileType = sourcecode.c.objc; path = "UIView+FLExtension.m"; sourceTree = "<group>"; };
/* End PBXFileReference section */

/* Begin PBXFrameworksBuildPhase section */
		1FEFBE8620044AFD00A643A4 /* Frameworks */ = {
			isa = PBXFrameworksBuildPhase;
			buildActionMask = 2147483647;
			files = (
			);
			runOnlyForDeploymentPostprocessing = 0;
		};
		1FEFBE9E20044AFE00A643A4 /* Frameworks */ = {
			isa = PBXFrameworksBuildPhase;
			buildActionMask = 2147483647;
			files = (
			);
			runOnlyForDeploymentPostprocessing = 0;
		};
		1FEFBEA920044AFE00A643A4 /* Frameworks */ = {
			isa = PBXFrameworksBuildPhase;
			buildActionMask = 2147483647;
			files = (
			);
			runOnlyForDeploymentPostprocessing = 0;
		};
/* End PBXFrameworksBuildPhase section */

/* Begin PBXGroup section */
		1FEFBE8020044AFD00A643A4 = {
			isa = PBXGroup;
			children = (
				1FEFBE8B20044AFD00A643A4 /* HCustomAlterView */,
				1FEFBEA420044AFE00A643A4 /* HCustomAlterViewTests */,
				1FEFBEAF20044AFE00A643A4 /* HCustomAlterViewUITests */,
				1FEFBE8A20044AFD00A643A4 /* Products */,
			);
			sourceTree = "<group>";
		};
		1FEFBE8A20044AFD00A643A4 /* Products */ = {
			isa = PBXGroup;
			children = (
				1FEFBE8920044AFD00A643A4 /* HCustomAlterView.app */,
				1FEFBEA120044AFE00A643A4 /* HCustomAlterViewTests.xctest */,
				1FEFBEAC20044AFE00A643A4 /* HCustomAlterViewUITests.xctest */,
			);
			name = Products;
			sourceTree = "<group>";
		};
		1FEFBE8B20044AFD00A643A4 /* HCustomAlterView */ = {
			isa = PBXGroup;
			children = (
				1FEFBEC42004646500A643A4 /* HCustomAlter */,
				1FEFBE8C20044AFD00A643A4 /* AppDelegate.h */,
				1FEFBE8D20044AFE00A643A4 /* AppDelegate.m */,
				1FEFBE8F20044AFE00A643A4 /* ViewController.h */,
				1FEFBE9020044AFE00A643A4 /* ViewController.m */,
				1FEFBE9220044AFE00A643A4 /* Main.storyboard */,
				1FEFBE9520044AFE00A643A4 /* Assets.xcassets */,
				1FEFBE9720044AFE00A643A4 /* LaunchScreen.storyboard */,
				1FEFBE9A20044AFE00A643A4 /* Info.plist */,
				1FEFBE9B20044AFE00A643A4 /* main.m */,
			);
			path = HCustomAlterView;
			sourceTree = "<group>";
		};
		1FEFBEA420044AFE00A643A4 /* HCustomAlterViewTests */ = {
			isa = PBXGroup;
			children = (
				1FEFBEA520044AFE00A643A4 /* HCustomAlterViewTests.m */,
				1FEFBEA720044AFE00A643A4 /* Info.plist */,
			);
			path = HCustomAlterViewTests;
			sourceTree = "<group>";
		};
		1FEFBEAF20044AFE00A643A4 /* HCustomAlterViewUITests */ = {
			isa = PBXGroup;
			children = (
				1FEFBEB020044AFE00A643A4 /* HCustomAlterViewUITests.m */,
				1FEFBEB220044AFE00A643A4 /* Info.plist */,
			);
			path = HCustomAlterViewUITests;
			sourceTree = "<group>";
		};
		1FEFBEC42004646500A643A4 /* HCustomAlter */ = {
			isa = PBXGroup;
			children = (
				1FEFBEC52004646500A643A4 /* HCustomAlterView.h */,
				1FEFBEC62004646500A643A4 /* HCustomAlterView.m */,
				1FEFBEC72004646500A643A4 /* UIView+FLExtension.h */,
				1FEFBEC82004646500A643A4 /* UIView+FLExtension.m */,
			);
			path = HCustomAlter;
			sourceTree = "<group>";
		};
/* End PBXGroup section */

/* Begin PBXNativeTarget section */
		1FEFBE8820044AFD00A643A4 /* HCustomAlterView */ = {
			isa = PBXNativeTarget;
			buildConfigurationList = 1FEFBEB520044AFE00A643A4 /* Build configuration list for PBXNativeTarget "HCustomAlterView" */;
			buildPhases = (
				1FEFBE8520044AFD00A643A4 /* Sources */,
				1FEFBE8620044AFD00A643A4 /* Frameworks */,
				1FEFBE8720044AFD00A643A4 /* Resources */,
			);
			buildRules = (
			);
			dependencies = (
			);
			name = HCustomAlterView;
			productName = HCustomAlterView;
			productReference = 1FEFBE8920044AFD00A643A4 /* HCustomAlterView.app */;
			productType = "com.apple.product-type.application";
		};
		1FEFBEA020044AFE00A643A4 /* HCustomAlterViewTests */ = {
			isa = PBXNativeTarget;
			buildConfigurationList = 1FEFBEB820044AFE00A643A4 /* Build configuration list for PBXNativeTarget "HCustomAlterViewTests" */;
			buildPhases = (
				1FEFBE9D20044AFE00A643A4 /* Sources */,
				1FEFBE9E20044AFE00A643A4 /* Frameworks */,
				1FEFBE9F20044AFE00A643A4 /* Resources */,
			);
			buildRules = (
			);
			dependencies = (
				1FEFBEA320044AFE00A643A4 /* PBXTargetDependency */,
			);
			name = HCustomAlterViewTests;
			productName = HCustomAlterViewTests;
			productReference = 1FEFBEA120044AFE00A643A4 /* HCustomAlterViewTests.xctest */;
			productType = "com.apple.product-type.bundle.unit-test";
		};
		1FEFBEAB20044AFE00A643A4 /* HCustomAlterViewUITests */ = {
			isa = PBXNativeTarget;
			buildConfigurationList = 1FEFBEBB20044AFE00A643A4 /* Build configuration list for PBXNativeTarget "HCustomAlterViewUITests" */;
			buildPhases = (
				1FEFBEA820044AFE00A643A4 /* Sources */,
				1FEFBEA920044AFE00A643A4 /* Frameworks */,
				1FEFBEAA20044AFE00A643A4 /* Resources */,
			);
			buildRules = (
			);
			dependencies = (
				1FEFBEAE20044AFE00A643A4 /* PBXTargetDependency */,
			);
			name = HCustomAlterViewUITests;
			productName = HCustomAlterViewUITests;
			productReference = 1FEFBEAC20044AFE00A643A4 /* HCustomAlterViewUITests.xctest */;
			productType = "com.apple.product-type.bundle.ui-testing";
		};
/* End PBXNativeTarget section */

/* Begin PBXProject section */
		1FEFBE8120044AFD00A643A4 /* Project object */ = {
			isa = PBXProject;
			attributes = {
				LastUpgradeCheck = 0920;
				ORGANIZATIONNAME = "何青";
				TargetAttributes = {
					1FEFBE8820044AFD00A643A4 = {
						CreatedOnToolsVersion = 9.2;
						ProvisioningStyle = Automatic;
					};
					1FEFBEA020044AFE00A643A4 = {
						CreatedOnToolsVersion = 9.2;
						ProvisioningStyle = Automatic;
						TestTargetID = 1FEFBE8820044AFD00A643A4;
					};
					1FEFBEAB20044AFE00A643A4 = {
						CreatedOnToolsVersion = 9.2;
						ProvisioningStyle = Automatic;
						TestTargetID = 1FEFBE8820044AFD00A643A4;
					};
				};
			};
			buildConfigurationList = 1FEFBE8420044AFD00A643A4 /* Build configuration list for PBXProject "HCustomAlterView" */;
			compatibilityVersion = "Xcode 8.0";
			developmentRegion = en;
			hasScannedForEncodings = 0;
			knownRegions = (
				en,
				Base,
			);
			mainGroup = 1FEFBE8020044AFD00A643A4;
			productRefGroup = 1FEFBE8A20044AFD00A643A4 /* Products */;
			projectDirPath = "";
			projectRoot = "";
			targets = (
				1FEFBE8820044AFD00A643A4 /* HCustomAlterView */,
				1FEFBEA020044AFE00A643A4 /* HCustomAlterViewTests */,
				1FEFBEAB20044AFE00A643A4 /* HCustomAlterViewUITests */,
			);
		};
/* End PBXProject section */

/* Begin PBXResourcesBuildPhase section */
		1FEFBE8720044AFD00A643A4 /* Resources */ = {
			isa = PBXResourcesBuildPhase;
			buildActionMask = 2147483647;
			files = (
				1FEFBE9920044AFE00A643A4 /* LaunchScreen.storyboard in Resources */,
				1FEFBE9620044AFE00A643A4 /* Assets.xcassets in Resources */,
				1FEFBE9420044AFE00A643A4 /* Main.storyboard in Resources */,
			);
			runOnlyForDeploymentPostprocessing = 0;
		};
		1FEFBE9F20044AFE00A643A4 /* Resources */ = {
			isa = PBXResourcesBuildPhase;
			buildActionMask = 2147483647;
			files = (
			);
			runOnlyForDeploymentPostprocessing = 0;
		};
		1FEFBEAA20044AFE00A643A4 /* Resources */ = {
			isa = PBXResourcesBuildPhase;
			buildActionMask = 2147483647;
			files = (
			);
			runOnlyForDeploymentPostprocessing = 0;
		};
/* End PBXResourcesBuildPhase section */

/* Begin PBXSourcesBuildPhase section */
		1FEFBE8520044AFD00A643A4 /* Sources */ = {
			isa = PBXSourcesBuildPhase;
			buildActionMask = 2147483647;
			files = (
				1FEFBECA2004646500A643A4 /* UIView+FLExtension.m in Sources */,
				1FEFBE9120044AFE00A643A4 /* ViewController.m in Sources */,
				1FEFBE9C20044AFE00A643A4 /* main.m in Sources */,
				1FEFBE8E20044AFE00A643A4 /* AppDelegate.m in Sources */,
				1FEFBEC92004646500A643A4 /* HCustomAlterView.m in Sources */,
			);
			runOnlyForDeploymentPostprocessing = 0;
		};
		1FEFBE9D20044AFE00A643A4 /* Sources */ = {
			isa = PBXSourcesBuildPhase;
			buildActionMask = 2147483647;
			files = (
				1FEFBEA620044AFE00A643A4 /* HCustomAlterViewTests.m in Sources */,
			);
			runOnlyForDeploymentPostprocessing = 0;
		};
		1FEFBEA820044AFE00A643A4 /* Sources */ = {
			isa = PBXSourcesBuildPhase;
			buildActionMask = 2147483647;
			files = (
				1FEFBEB120044AFE00A643A4 /* HCustomAlterViewUITests.m in Sources */,
			);
			runOnlyForDeploymentPostprocessing = 0;
		};
/* End PBXSourcesBuildPhase section */

/* Begin PBXTargetDependency section */
		1FEFBEA320044AFE00A643A4 /* PBXTargetDependency */ = {
			isa = PBXTargetDependency;
			target = 1FEFBE8820044AFD00A643A4 /* HCustomAlterView */;
			targetProxy = 1FEFBEA220044AFE00A643A4 /* PBXContainerItemProxy */;
		};
		1FEFBEAE20044AFE00A643A4 /* PBXTargetDependency */ = {
			isa = PBXTargetDependency;
			target = 1FEFBE8820044AFD00A643A4 /* HCustomAlterView */;
			targetProxy = 1FEFBEAD20044AFE00A643A4 /* PBXContainerItemProxy */;
		};
/* End PBXTargetDependency section */

/* Begin PBXVariantGroup section */
		1FEFBE9220044AFE00A643A4 /* Main.storyboard */ = {
			isa = PBXVariantGroup;
			children = (
				1FEFBE9320044AFE00A643A4 /* Base */,
			);
			name = Main.storyboard;
			sourceTree = "<group>";
		};
		1FEFBE9720044AFE00A643A4 /* LaunchScreen.storyboard */ = {
			isa = PBXVariantGroup;
			children = (
				1FEFBE9820044AFE00A643A4 /* Base */,
			);
			name = LaunchScreen.storyboard;
			sourceTree = "<group>";
		};
/* End PBXVariantGroup section */

/* Begin XCBuildConfiguration section */
		1FEFBEB320044AFE00A643A4 /* Debug */ = {
			isa = XCBuildConfiguration;
			buildSettings = {
				ALWAYS_SEARCH_USER_PATHS = NO;
				CLANG_ANALYZER_NONNULL = YES;
				CLANG_ANALYZER_NUMBER_OBJECT_CONVERSION = YES_AGGRESSIVE;
				CLANG_CXX_LANGUAGE_STANDARD = "gnu++14";
				CLANG_CXX_LIBRARY = "libc++";
				CLANG_ENABLE_MODULES = YES;
				CLANG_ENABLE_OBJC_ARC = YES;
				CLANG_WARN_BLOCK_CAPTURE_AUTORELEASING = YES;
				CLANG_WARN_BOOL_CONVERSION = YES;
				CLANG_WARN_COMMA = YES;
				CLANG_WARN_CONSTANT_CONVERSION = YES;
				CLANG_WARN_DIRECT_OBJC_ISA_USAGE = YES_ERROR;
				CLANG_WARN_DOCUMENTATION_COMMENTS = YES;
				CLANG_WARN_EMPTY_BODY = YES;
				CLANG_WARN_ENUM_CONVERSION = YES;
				CLANG_WARN_INFINITE_RECURSION = YES;
				CLANG_WARN_INT_CONVERSION = YES;
				CLANG_WARN_NON_LITERAL_NULL_CONVERSION = YES;
				CLANG_WARN_OBJC_LITERAL_CONVERSION = YES;
				CLANG_WARN_OBJC_ROOT_CLASS = YES_ERROR;
				CLANG_WARN_RANGE_LOOP_ANALYSIS = YES;
				CLANG_WARN_STRICT_PROTOTYPES = YES;
				CLANG_WARN_SUSPICIOUS_MOVE = YES;
				CLANG_WARN_UNGUARDED_AVAILABILITY = YES_AGGRESSIVE;
				CLANG_WARN_UNREACHABLE_CODE = YES;
				CLANG_WARN__DUPLICATE_METHOD_MATCH = YES;
				CODE_SIGN_IDENTITY = "iPhone Developer";
				COPY_PHASE_STRIP = NO;
				DEBUG_INFORMATION_FORMAT = dwarf;
				ENABLE_STRICT_OBJC_MSGSEND = YES;
				ENABLE_TESTABILITY = YES;
				GCC_C_LANGUAGE_STANDARD = gnu11;
				GCC_DYNAMIC_NO_PIC = NO;
				GCC_NO_COMMON_BLOCKS = YES;
				GCC_OPTIMIZATION_LEVEL = 0;
				GCC_PREPROCESSOR_DEFINITIONS = (
					"DEBUG=1",
					"$(inherited)",
				);
				GCC_WARN_64_TO_32_BIT_CONVERSION = YES;
				GCC_WARN_ABOUT_RETURN_TYPE = YES_ERROR;
				GCC_WARN_UNDECLARED_SELECTOR = YES;
				GCC_WARN_UNINITIALIZED_AUTOS = YES_AGGRESSIVE;
				GCC_WARN_UNUSED_FUNCTION = YES;
				GCC_WARN_UNUSED_VARIABLE = YES;
				IPHONEOS_DEPLOYMENT_TARGET = 11.2;
				MTL_ENABLE_DEBUG_INFO = YES;
				ONLY_ACTIVE_ARCH = YES;
				SDKROOT = iphoneos;
			};
			name = Debug;
		};
		1FEFBEB420044AFE00A643A4 /* Release */ = {
			isa = XCBuildConfiguration;
			buildSettings = {
				ALWAYS_SEARCH_USER_PATHS = NO;
				CLANG_ANALYZER_NONNULL = YES;
				CLANG_ANALYZER_NUMBER_OBJECT_CONVERSION = YES_AGGRESSIVE;
				CLANG_CXX_LANGUAGE_STANDARD = "gnu++14";
				CLANG_CXX_LIBRARY = "libc++";
				CLANG_ENABLE_MODULES = YES;
				CLANG_ENABLE_OBJC_ARC = YES;
				CLANG_WARN_BLOCK_CAPTURE_AUTORELEASING = YES;
				CLANG_WARN_BOOL_CONVERSION = YES;
				CLANG_WARN_COMMA = YES;
				CLANG_WARN_CONSTANT_CONVERSION = YES;
				CLANG_WARN_DIRECT_OBJC_ISA_USAGE = YES_ERROR;
				CLANG_WARN_DOCUMENTATION_COMMENTS = YES;
				CLANG_WARN_EMPTY_BODY = YES;
				CLANG_WARN_ENUM_CONVERSION = YES;
				CLANG_WARN_INFINITE_RECURSION = YES;
				CLANG_WARN_INT_CONVERSION = YES;
				CLANG_WARN_NON_LITERAL_NULL_CONVERSION = YES;
				CLANG_WARN_OBJC_LITERAL_CONVERSION = YES;
				CLANG_WARN_OBJC_ROOT_CLASS = YES_ERROR;
				CLANG_WARN_RANGE_LOOP_ANALYSIS = YES;
				CLANG_WARN_STRICT_PROTOTYPES = YES;
				CLANG_WARN_SUSPICIOUS_MOVE = YES;
				CLANG_WARN_UNGUARDED_AVAILABILITY = YES_AGGRESSIVE;
				CLANG_WARN_UNREACHABLE_CODE = YES;
				CLANG_WARN__DUPLICATE_METHOD_MATCH = YES;
				CODE_SIGN_IDENTITY = "iPhone Developer";
				COPY_PHASE_STRIP = NO;
				DEBUG_INFORMATION_FORMAT = "dwarf-with-dsym";
				ENABLE_NS_ASSERTIONS = NO;
				ENABLE_STRICT_OBJC_MSGSEND = YES;
				GCC_C_LANGUAGE_STANDARD = gnu11;
				GCC_NO_COMMON_BLOCKS = YES;
				GCC_WARN_64_TO_32_BIT_CONVERSION = YES;
				GCC_WARN_ABOUT_RETURN_TYPE = YES_ERROR;
				GCC_WARN_UNDECLARED_SELECTOR = YES;
				GCC_WARN_UNINITIALIZED_AUTOS = YES_AGGRESSIVE;
				GCC_WARN_UNUSED_FUNCTION = YES;
				GCC_WARN_UNUSED_VARIABLE = YES;
				IPHONEOS_DEPLOYMENT_TARGET = 11.2;
				MTL_ENABLE_DEBUG_INFO = NO;
				SDKROOT = iphoneos;
				VALIDATE_PRODUCT = YES;
			};
			name = Release;
		};
		1FEFBEB620044AFE00A643A4 /* Debug */ = {
			isa = XCBuildConfiguration;
			buildSettings = {
				ASSETCATALOG_COMPILER_APPICON_NAME = AppIcon;
				CODE_SIGN_STYLE = Automatic;
				DEVELOPMENT_TEAM = 2DR82PSKNG;
				INFOPLIST_FILE = HCustomAlterView/Info.plist;
				LD_RUNPATH_SEARCH_PATHS = "$(inherited) @executable_path/Frameworks";
				PRODUCT_BUNDLE_IDENTIFIER = youxin.HCustomAlterView;
				PRODUCT_NAME = "$(TARGET_NAME)";
				TARGETED_DEVICE_FAMILY = "1,2";
			};
			name = Debug;
		};
		1FEFBEB720044AFE00A643A4 /* Release */ = {
			isa = XCBuildConfiguration;
			buildSettings = {
				ASSETCATALOG_COMPILER_APPICON_NAME = AppIcon;
				CODE_SIGN_STYLE = Automatic;
				DEVELOPMENT_TEAM = 2DR82PSKNG;
				INFOPLIST_FILE = HCustomAlterView/Info.plist;
				LD_RUNPATH_SEARCH_PATHS = "$(inherited) @executable_path/Frameworks";
				PRODUCT_BUNDLE_IDENTIFIER = youxin.HCustomAlterView;
				PRODUCT_NAME = "$(TARGET_NAME)";
				TARGETED_DEVICE_FAMILY = "1,2";
			};
			name = Release;
		};
		1FEFBEB920044AFE00A643A4 /* Debug */ = {
			isa = XCBuildConfiguration;
			buildSettings = {
				BUNDLE_LOADER = "$(TEST_HOST)";
				CODE_SIGN_STYLE = Automatic;
				DEVELOPMENT_TEAM = 2DR82PSKNG;
				INFOPLIST_FILE = HCustomAlterViewTests/Info.plist;
				LD_RUNPATH_SEARCH_PATHS = "$(inherited) @executable_path/Frameworks @loader_path/Frameworks";
				PRODUCT_BUNDLE_IDENTIFIER = youxin.HCustomAlterViewTests;
				PRODUCT_NAME = "$(TARGET_NAME)";
				TARGETED_DEVICE_FAMILY = "1,2";
				TEST_HOST = "$(BUILT_PRODUCTS_DIR)/HCustomAlterView.app/HCustomAlterView";
			};
			name = Debug;
		};
		1FEFBEBA20044AFE00A643A4 /* Release */ = {
			isa = XCBuildConfiguration;
			buildSettings = {
				BUNDLE_LOADER = "$(TEST_HOST)";
				CODE_SIGN_STYLE = Automatic;
				DEVELOPMENT_TEAM = 2DR82PSKNG;
				INFOPLIST_FILE = HCustomAlterViewTests/Info.plist;
				LD_RUNPATH_SEARCH_PATHS = "$(inherited) @executable_path/Frameworks @loader_path/Frameworks";
				PRODUCT_BUNDLE_IDENTIFIER = youxin.HCustomAlterViewTests;
				PRODUCT_NAME = "$(TARGET_NAME)";
				TARGETED_DEVICE_FAMILY = "1,2";
				TEST_HOST = "$(BUILT_PRODUCTS_DIR)/HCustomAlterView.app/HCustomAlterView";
			};
			name = Release;
		};
		1FEFBEBC20044AFE00A643A4 /* Debug */ = {
			isa = XCBuildConfiguration;
			buildSettings = {
				CODE_SIGN_STYLE = Automatic;
				DEVELOPMENT_TEAM = 2DR82PSKNG;
				INFOPLIST_FILE = HCustomAlterViewUITests/Info.plist;
				LD_RUNPATH_SEARCH_PATHS = "$(inherited) @executable_path/Frameworks @loader_path/Frameworks";
				PRODUCT_BUNDLE_IDENTIFIER = youxin.HCustomAlterViewUITests;
				PRODUCT_NAME = "$(TARGET_NAME)";
				TARGETED_DEVICE_FAMILY = "1,2";
				TEST_TARGET_NAME = HCustomAlterView;
			};
			name = Debug;
		};
		1FEFBEBD20044AFE00A643A4 /* Release */ = {
			isa = XCBuildConfiguration;
			buildSettings = {
				CODE_SIGN_STYLE = Automatic;
				DEVELOPMENT_TEAM = 2DR82PSKNG;
				INFOPLIST_FILE = HCustomAlterViewUITests/Info.plist;
				LD_RUNPATH_SEARCH_PATHS = "$(inherited) @executable_path/Frameworks @loader_path/Frameworks";
				PRODUCT_BUNDLE_IDENTIFIER = youxin.HCustomAlterViewUITests;
				PRODUCT_NAME = "$(TARGET_NAME)";
				TARGETED_DEVICE_FAMILY = "1,2";
				TEST_TARGET_NAME = HCustomAlterView;
			};
			name = Release;
		};
/* End XCBuildConfiguration section */

/* Begin XCConfigurationList section */
		1FEFBE8420044AFD00A643A4 /* Build configuration list for PBXProject "HCustomAlterView" */ = {
			isa = XCConfigurationList;
			buildConfigurations = (
				1FEFBEB320044AFE00A643A4 /* Debug */,
				1FEFBEB420044AFE00A643A4 /* Release */,
			);
			defaultConfigurationIsVisible = 0;
			defaultConfigurationName = Release;
		};
		1FEFBEB520044AFE00A643A4 /* Build configuration list for PBXNativeTarget "HCustomAlterView" */ = {
			isa = XCConfigurationList;
			buildConfigurations = (
				1FEFBEB620044AFE00A643A4 /* Debug */,
				1FEFBEB720044AFE00A643A4 /* Release */,
			);
			defaultConfigurationIsVisible = 0;
			defaultConfigurationName = Release;
		};
		1FEFBEB820044AFE00A643A4 /* Build configuration list for PBXNativeTarget "HCustomAlterViewTests" */ = {
			isa = XCConfigurationList;
			buildConfigurations = (
				1FEFBEB920044AFE00A643A4 /* Debug */,
				1FEFBEBA20044AFE00A643A4 /* Release */,
			);
			defaultConfigurationIsVisible = 0;
			defaultConfigurationName = Release;
		};
		1FEFBEBB20044AFE00A643A4 /* Build configuration list for PBXNativeTarget "HCustomAlterViewUITests" */ = {
			isa = XCConfigurationList;
			buildConfigurations = (
				1FEFBEBC20044AFE00A643A4 /* Debug */,
				1FEFBEBD20044AFE00A643A4 /* Release */,
			);
			defaultConfigurationIsVisible = 0;
			defaultConfigurationName = Release;
		};
/* End XCConfigurationList section */
	};
	rootObject = 1FEFBE8120044AFD00A643A4 /* Project object */;
}
